
Microsoft Visual Studio Solution File, Format Version 12.00
# Visual Studio Version 17
VisualStudioVersion = 17.7.34003.232
MinimumVisualStudioVersion = 10.0.40219.1
Project("{FAE04EC0-301F-11D3-BF4B-00C04F79EFBC}") = "lab7", "lab7\lab7.csproj", "{B7BB3C01-C1AB-4C94-A97D-A40D9C86B964}"
EndProject
Global
	GlobalSection(SolutionConfigurationPlatforms) = preSolution
		Debug|Any CPU = Debug|Any CPU
		Release|Any CPU = Release|Any CPU
	EndGlobalSection
	GlobalSection(ProjectConfigurationPlatforms) = postSolution
		{B7BB3C01-C1AB-4C94-A97D-A40D9C86B964}.Debug|Any CPU.ActiveCfg = Debug|Any CPU
		{B7BB3C01-C1AB-4C94-A97D-A40D9C86B964}.Debug|Any CPU.Build.0 = Debug|Any CPU
		{B7BB3C01-C1AB-4C94-A97D-A40D9C86B964}.Release|Any CPU.ActiveCfg = Release|Any CPU
		{B7BB3C01-C1AB-4C94-A97D-A40D9C86B964}.Release|Any CPU.Build.0 = Release|Any CPU
	EndGlobalSection
	GlobalSection(SolutionProperties) = preSolution
		HideSolutionNode = FALSE
	EndGlobalSection
	GlobalSection(ExtensibilityGlobals) = postSolution
		SolutionGuid = {8AD87B96-5505-416A-B0CE-715681D89FA0}
	EndGlobalSection
EndGlobal
